
Microsoft Visual Studio Solution File, Format Version 12.00
# Visual Studio Version 17
VisualStudioVersion = 17.0.31903.59
MinimumVisualStudioVersion = 10.0.40219.1
Project("{2150E333-8FDC-42A3-9474-1A3956D46DE8}") = "src", "src", "{4538724E-6FDB-4C27-9978-96874A4221E7}"
EndProject
Project("{9A19103F-16F7-4668-BE54-9A1E7A4F7556}") = "Application", "src\Application\Application.csproj", "{56F8F369-2843-49BE-92D8-A2758FF97C24}"
EndProject
Project("{9A19103F-16F7-4668-BE54-9A1E7A4F7556}") = "Contracts", "src\Contracts\Contracts.csproj", "{32759FAB-ADCC-47BA-83C4-AEA77EDA55A8}"
EndProject
Project("{9A19103F-16F7-4668-BE54-9A1E7A4F7556}") = "Domain", "src\Domain\Domain.csproj", "{66FE755F-5FE0-49B1-9CAD-8B84D798AAF5}"
EndProject
Project("{9A19103F-16F7-4668-BE54-9A1E7A4F7556}") = "Infrastructure", "src\Infrastructure\Infrastructure.csproj", "{11E19C2F-D6AD-4E3A-B786-2ECC96109220}"
EndProject
Project("{9A19103F-16F7-4668-BE54-9A1E7A4F7556}") = "WebApi", "src\WebApi\WebApi.csproj", "{A80BBE33-9665-4F86-88D1-EEADE6696D63}"
EndProject
Project("{2150E333-8FDC-42A3-9474-1A3956D46DE8}") = "tests", "tests", "{ED903932-5BC9-49EE-8C9C-26EE5734122C}"
EndProject
Project("{9A19103F-16F7-4668-BE54-9A1E7A4F7556}") = "Application.IntegrationTests", "tests\Application.IntegrationTests\Application.IntegrationTests.csproj", "{E0A72544-94BB-4BA5-97A5-F61257100A4A}"
EndProject
Project("{9A19103F-16F7-4668-BE54-9A1E7A4F7556}") = "Application.UnitTests", "tests\Application.UnitTests\Application.UnitTests.csproj", "{4C90DA11-2364-4B4D-95CF-EDA809F44761}"
EndProject
Project("{9A19103F-16F7-4668-BE54-9A1E7A4F7556}") = "ArchitectureTests", "tests\ArchitectureTests\ArchitectureTests.csproj", "{91FD39E6-39B3-4B67-BDD8-FD64ED834A33}"
EndProject
Project("{9A19103F-16F7-4668-BE54-9A1E7A4F7556}") = "Domain.UnitTests", "tests\Domain.UnitTests\Domain.UnitTests.csproj", "{79F85466-8112-41CF-BE62-B192B24EC27D}"
EndProject
Project("{9A19103F-16F7-4668-BE54-9A1E7A4F7556}") = "WebApi.FunctionalTests", "tests\WebApi.FunctionalTests\WebApi.FunctionalTests.csproj", "{124535C7-2680-4EE5-92F5-43316D282C97}"
EndProject
Global
	GlobalSection(SolutionConfigurationPlatforms) = preSolution
		Debug|Any CPU = Debug|Any CPU
		Release|Any CPU = Release|Any CPU
	EndGlobalSection
	GlobalSection(SolutionProperties) = preSolution
		HideSolutionNode = FALSE
	EndGlobalSection
	GlobalSection(ProjectConfigurationPlatforms) = postSolution
		{56F8F369-2843-49BE-92D8-A2758FF97C24}.Debug|Any CPU.ActiveCfg = Debug|Any CPU
		{56F8F369-2843-49BE-92D8-A2758FF97C24}.Debug|Any CPU.Build.0 = Debug|Any CPU
		{56F8F369-2843-49BE-92D8-A2758FF97C24}.Release|Any CPU.ActiveCfg = Release|Any CPU
		{56F8F369-2843-49BE-92D8-A2758FF97C24}.Release|Any CPU.Build.0 = Release|Any CPU
		{32759FAB-ADCC-47BA-83C4-AEA77EDA55A8}.Debug|Any CPU.ActiveCfg = Debug|Any CPU
		{32759FAB-ADCC-47BA-83C4-AEA77EDA55A8}.Debug|Any CPU.Build.0 = Debug|Any CPU
		{32759FAB-ADCC-47BA-83C4-AEA77EDA55A8}.Release|Any CPU.ActiveCfg = Release|Any CPU
		{32759FAB-ADCC-47BA-83C4-AEA77EDA55A8}.Release|Any CPU.Build.0 = Release|Any CPU
		{66FE755F-5FE0-49B1-9CAD-8B84D798AAF5}.Debug|Any CPU.ActiveCfg = Debug|Any CPU
		{66FE755F-5FE0-49B1-9CAD-8B84D798AAF5}.Debug|Any CPU.Build.0 = Debug|Any CPU
		{66FE755F-5FE0-49B1-9CAD-8B84D798AAF5}.Release|Any CPU.ActiveCfg = Release|Any CPU
		{66FE755F-5FE0-49B1-9CAD-8B84D798AAF5}.Release|Any CPU.Build.0 = Release|Any CPU
		{11E19C2F-D6AD-4E3A-B786-2ECC96109220}.Debug|Any CPU.ActiveCfg = Debug|Any CPU
		{11E19C2F-D6AD-4E3A-B786-2ECC96109220}.Debug|Any CPU.Build.0 = Debug|Any CPU
		{11E19C2F-D6AD-4E3A-B786-2ECC96109220}.Release|Any CPU.ActiveCfg = Release|Any CPU
		{11E19C2F-D6AD-4E3A-B786-2ECC96109220}.Release|Any CPU.Build.0 = Release|Any CPU
		{A80BBE33-9665-4F86-88D1-EEADE6696D63}.Debug|Any CPU.ActiveCfg = Debug|Any CPU
		{A80BBE33-9665-4F86-88D1-EEADE6696D63}.Debug|Any CPU.Build.0 = Debug|Any CPU
		{A80BBE33-9665-4F86-88D1-EEADE6696D63}.Release|Any CPU.ActiveCfg = Release|Any CPU
		{A80BBE33-9665-4F86-88D1-EEADE6696D63}.Release|Any CPU.Build.0 = Release|Any CPU
		{E0A72544-94BB-4BA5-97A5-F61257100A4A}.Debug|Any CPU.ActiveCfg = Debug|Any CPU
		{E0A72544-94BB-4BA5-97A5-F61257100A4A}.Debug|Any CPU.Build.0 = Debug|Any CPU
		{E0A72544-94BB-4BA5-97A5-F61257100A4A}.Release|Any CPU.ActiveCfg = Release|Any CPU
		{E0A72544-94BB-4BA5-97A5-F61257100A4A}.Release|Any CPU.Build.0 = Release|Any CPU
		{4C90DA11-2364-4B4D-95CF-EDA809F44761}.Debug|Any CPU.ActiveCfg = Debug|Any CPU
		{4C90DA11-2364-4B4D-95CF-EDA809F44761}.Debug|Any CPU.Build.0 = Debug|Any CPU
		{4C90DA11-2364-4B4D-95CF-EDA809F44761}.Release|Any CPU.ActiveCfg = Release|Any CPU
		{4C90DA11-2364-4B4D-95CF-EDA809F44761}.Release|Any CPU.Build.0 = Release|Any CPU
		{91FD39E6-39B3-4B67-BDD8-FD64ED834A33}.Debug|Any CPU.ActiveCfg = Debug|Any CPU
		{91FD39E6-39B3-4B67-BDD8-FD64ED834A33}.Debug|Any CPU.Build.0 = Debug|Any CPU
		{91FD39E6-39B3-4B67-BDD8-FD64ED834A33}.Release|Any CPU.ActiveCfg = Release|Any CPU
		{91FD39E6-39B3-4B67-BDD8-FD64ED834A33}.Release|Any CPU.Build.0 = Release|Any CPU
		{79F85466-8112-41CF-BE62-B192B24EC27D}.Debug|Any CPU.ActiveCfg = Debug|Any CPU
		{79F85466-8112-41CF-BE62-B192B24EC27D}.Debug|Any CPU.Build.0 = Debug|Any CPU
		{79F85466-8112-41CF-BE62-B192B24EC27D}.Release|Any CPU.ActiveCfg = Release|Any CPU
		{79F85466-8112-41CF-BE62-B192B24EC27D}.Release|Any CPU.Build.0 = Release|Any CPU
		{124535C7-2680-4EE5-92F5-43316D282C97}.Debug|Any CPU.ActiveCfg = Debug|Any CPU
		{124535C7-2680-4EE5-92F5-43316D282C97}.Debug|Any CPU.Build.0 = Debug|Any CPU
		{124535C7-2680-4EE5-92F5-43316D282C97}.Release|Any CPU.ActiveCfg = Release|Any CPU
		{124535C7-2680-4EE5-92F5-43316D282C97}.Release|Any CPU.Build.0 = Release|Any CPU
	EndGlobalSection
	GlobalSection(NestedProjects) = preSolution
		{56F8F369-2843-49BE-92D8-A2758FF97C24} = {4538724E-6FDB-4C27-9978-96874A4221E7}
		{32759FAB-ADCC-47BA-83C4-AEA77EDA55A8} = {4538724E-6FDB-4C27-9978-96874A4221E7}
		{66FE755F-5FE0-49B1-9CAD-8B84D798AAF5} = {4538724E-6FDB-4C27-9978-96874A4221E7}
		{11E19C2F-D6AD-4E3A-B786-2ECC96109220} = {4538724E-6FDB-4C27-9978-96874A4221E7}
		{A80BBE33-9665-4F86-88D1-EEADE6696D63} = {4538724E-6FDB-4C27-9978-96874A4221E7}
		{E0A72544-94BB-4BA5-97A5-F61257100A4A} = {ED903932-5BC9-49EE-8C9C-26EE5734122C}
		{4C90DA11-2364-4B4D-95CF-EDA809F44761} = {ED903932-5BC9-49EE-8C9C-26EE5734122C}
		{91FD39E6-39B3-4B67-BDD8-FD64ED834A33} = {ED903932-5BC9-49EE-8C9C-26EE5734122C}
		{79F85466-8112-41CF-BE62-B192B24EC27D} = {ED903932-5BC9-49EE-8C9C-26EE5734122C}
		{124535C7-2680-4EE5-92F5-43316D282C97} = {ED903932-5BC9-49EE-8C9C-26EE5734122C}
	EndGlobalSection
EndGlobal
