Microsoft Visual Studio Solution File, Format Version 12.00
# Visual Studio Version 17
VisualStudioVersion = 17.0.31903.59
MinimumVisualStudioVersion = 10.0.40219.1
Project("{2150E333-8FDC-42A3-9474-1A3956D46DE8}") = "src", "src", "{A6DF7212-1537-49B0-A883-7724E419139D}"
EndProject
Project("{FAE04EC0-301F-11D3-BF4B-00C04F79EFBC}") = "AppHost", "src\AppHost\AppHost.csproj", "{C7541821-DB73-4D52-9DFF-F2831F1D14D1}"
EndProject
Project("{FAE04EC0-301F-11D3-BF4B-00C04F79EFBC}") = "Application", "src\Application\Application.csproj", "{9BA6C413-5B68-49B7-99E1-39F609BCE52E}"
EndProject
Project("{FAE04EC0-301F-11D3-BF4B-00C04F79EFBC}") = "Domain", "src\Domain\Domain.csproj", "{28BFD583-B59B-41DB-BD60-41877C736B45}"
EndProject
Project("{FAE04EC0-301F-11D3-BF4B-00C04F79EFBC}") = "Infrastructure", "src\Infrastructure\Infrastructure.csproj", "{9F1FBE3A-E11C-434C-8A0F-71AA7A96A4FF}"
EndProject
Project("{FAE04EC0-301F-11D3-BF4B-00C04F79EFBC}") = "Presentation", "src\Presentation\Presentation.csproj", "{6BF7F3ED-D840-423D-A3F3-96BAC0984796}"
EndProject
Project("{FAE04EC0-301F-11D3-BF4B-00C04F79EFBC}") = "ServiceDefaults", "src\ServiceDefaults\ServiceDefaults.csproj", "{55DBF136-5CB0-4DB3-8C60-427C06AFDC1A}"
EndProject
Project("{2150E333-8FDC-42A3-9474-1A3956D46DE8}") = "tests", "tests", "{A11B2F0D-A340-4FC5-A366-14E14EC89F48}"
EndProject
Project("{FAE04EC0-301F-11D3-BF4B-00C04F79EFBC}") = "Application.IntegrationTests", "tests\Application.IntegrationTests\Application.IntegrationTests.csproj", "{585B0C5C-206F-4843-A6B7-6DCBFE4A4AE7}"
EndProject
Project("{FAE04EC0-301F-11D3-BF4B-00C04F79EFBC}") = "Application.UnitTests", "tests\Application.UnitTests\Application.UnitTests.csproj", "{048BD0DE-5CB2-426D-9630-B0EDF4896F84}"
EndProject
Project("{FAE04EC0-301F-11D3-BF4B-00C04F79EFBC}") = "ArchitectureTests", "tests\ArchitectureTests\ArchitectureTests.csproj", "{A7CCA411-5DEE-4AA5-8F27-4A39738CDF0B}"
EndProject
Project("{FAE04EC0-301F-11D3-BF4B-00C04F79EFBC}") = "Domain.UnitTests", "tests\Domain.UnitTests\Domain.UnitTests.csproj", "{877CE8B6-5D49-4A5B-BDD0-A9A1179A8DF5}"
EndProject
Project("{FAE04EC0-301F-11D3-BF4B-00C04F79EFBC}") = "Presentation.FunctionalTests", "tests\Presentation.FunctionalTests\Presentation.FunctionalTests.csproj", "{60CAC89F-A6AC-4C0D-9DCC-300BE97235DD}"
EndProject
Global
	GlobalSection(SolutionConfigurationPlatforms) = preSolution
		Debug|Any CPU = Debug|Any CPU
		Release|Any CPU = Release|Any CPU
	EndGlobalSection
	GlobalSection(SolutionProperties) = preSolution
		HideSolutionNode = FALSE
	EndGlobalSection
	GlobalSection(ProjectConfigurationPlatforms) = postSolution
		{C7541821-DB73-4D52-9DFF-F2831F1D14D1}.Debug|Any CPU.ActiveCfg = Debug|Any CPU
		{C7541821-DB73-4D52-9DFF-F2831F1D14D1}.Debug|Any CPU.Build.0 = Debug|Any CPU
		{C7541821-DB73-4D52-9DFF-F2831F1D14D1}.Release|Any CPU.ActiveCfg = Release|Any CPU
		{C7541821-DB73-4D52-9DFF-F2831F1D14D1}.Release|Any CPU.Build.0 = Release|Any CPU
		{9BA6C413-5B68-49B7-99E1-39F609BCE52E}.Debug|Any CPU.ActiveCfg = Debug|Any CPU
		{9BA6C413-5B68-49B7-99E1-39F609BCE52E}.Debug|Any CPU.Build.0 = Debug|Any CPU
		{9BA6C413-5B68-49B7-99E1-39F609BCE52E}.Release|Any CPU.ActiveCfg = Release|Any CPU
		{9BA6C413-5B68-49B7-99E1-39F609BCE52E}.Release|Any CPU.Build.0 = Release|Any CPU
		{28BFD583-B59B-41DB-BD60-41877C736B45}.Debug|Any CPU.ActiveCfg = Debug|Any CPU
		{28BFD583-B59B-41DB-BD60-41877C736B45}.Debug|Any CPU.Build.0 = Debug|Any CPU
		{28BFD583-B59B-41DB-BD60-41877C736B45}.Release|Any CPU.ActiveCfg = Release|Any CPU
		{28BFD583-B59B-41DB-BD60-41877C736B45}.Release|Any CPU.Build.0 = Release|Any CPU
		{9F1FBE3A-E11C-434C-8A0F-71AA7A96A4FF}.Debug|Any CPU.ActiveCfg = Debug|Any CPU
		{9F1FBE3A-E11C-434C-8A0F-71AA7A96A4FF}.Debug|Any CPU.Build.0 = Debug|Any CPU
		{9F1FBE3A-E11C-434C-8A0F-71AA7A96A4FF}.Release|Any CPU.ActiveCfg = Release|Any CPU
		{9F1FBE3A-E11C-434C-8A0F-71AA7A96A4FF}.Release|Any CPU.Build.0 = Release|Any CPU
		{6BF7F3ED-D840-423D-A3F3-96BAC0984796}.Debug|Any CPU.ActiveCfg = Debug|Any CPU
		{6BF7F3ED-D840-423D-A3F3-96BAC0984796}.Debug|Any CPU.Build.0 = Debug|Any CPU
		{6BF7F3ED-D840-423D-A3F3-96BAC0984796}.Release|Any CPU.ActiveCfg = Release|Any CPU
		{6BF7F3ED-D840-423D-A3F3-96BAC0984796}.Release|Any CPU.Build.0 = Release|Any CPU
		{55DBF136-5CB0-4DB3-8C60-427C06AFDC1A}.Debug|Any CPU.ActiveCfg = Debug|Any CPU
		{55DBF136-5CB0-4DB3-8C60-427C06AFDC1A}.Debug|Any CPU.Build.0 = Debug|Any CPU
		{55DBF136-5CB0-4DB3-8C60-427C06AFDC1A}.Release|Any CPU.ActiveCfg = Release|Any CPU
		{55DBF136-5CB0-4DB3-8C60-427C06AFDC1A}.Release|Any CPU.Build.0 = Release|Any CPU
		{585B0C5C-206F-4843-A6B7-6DCBFE4A4AE7}.Debug|Any CPU.ActiveCfg = Debug|Any CPU
		{585B0C5C-206F-4843-A6B7-6DCBFE4A4AE7}.Debug|Any CPU.Build.0 = Debug|Any CPU
		{585B0C5C-206F-4843-A6B7-6DCBFE4A4AE7}.Release|Any CPU.ActiveCfg = Release|Any CPU
		{585B0C5C-206F-4843-A6B7-6DCBFE4A4AE7}.Release|Any CPU.Build.0 = Release|Any CPU
		{048BD0DE-5CB2-426D-9630-B0EDF4896F84}.Debug|Any CPU.ActiveCfg = Debug|Any CPU
		{048BD0DE-5CB2-426D-9630-B0EDF4896F84}.Debug|Any CPU.Build.0 = Debug|Any CPU
		{048BD0DE-5CB2-426D-9630-B0EDF4896F84}.Release|Any CPU.ActiveCfg = Release|Any CPU
		{048BD0DE-5CB2-426D-9630-B0EDF4896F84}.Release|Any CPU.Build.0 = Release|Any CPU
		{A7CCA411-5DEE-4AA5-8F27-4A39738CDF0B}.Debug|Any CPU.ActiveCfg = Debug|Any CPU
		{A7CCA411-5DEE-4AA5-8F27-4A39738CDF0B}.Debug|Any CPU.Build.0 = Debug|Any CPU
		{A7CCA411-5DEE-4AA5-8F27-4A39738CDF0B}.Release|Any CPU.ActiveCfg = Release|Any CPU
		{A7CCA411-5DEE-4AA5-8F27-4A39738CDF0B}.Release|Any CPU.Build.0 = Release|Any CPU
		{877CE8B6-5D49-4A5B-BDD0-A9A1179A8DF5}.Debug|Any CPU.ActiveCfg = Debug|Any CPU
		{877CE8B6-5D49-4A5B-BDD0-A9A1179A8DF5}.Debug|Any CPU.Build.0 = Debug|Any CPU
		{877CE8B6-5D49-4A5B-BDD0-A9A1179A8DF5}.Release|Any CPU.ActiveCfg = Release|Any CPU
		{877CE8B6-5D49-4A5B-BDD0-A9A1179A8DF5}.Release|Any CPU.Build.0 = Release|Any CPU
		{60CAC89F-A6AC-4C0D-9DCC-300BE97235DD}.Debug|Any CPU.ActiveCfg = Debug|Any CPU
		{60CAC89F-A6AC-4C0D-9DCC-300BE97235DD}.Debug|Any CPU.Build.0 = Debug|Any CPU
		{60CAC89F-A6AC-4C0D-9DCC-300BE97235DD}.Release|Any CPU.ActiveCfg = Release|Any CPU
		{60CAC89F-A6AC-4C0D-9DCC-300BE97235DD}.Release|Any CPU.Build.0 = Release|Any CPU
	EndGlobalSection
	GlobalSection(NestedProjects) = preSolution
		{C7541821-DB73-4D52-9DFF-F2831F1D14D1} = {A6DF7212-1537-49B0-A883-7724E419139D}
		{9BA6C413-5B68-49B7-99E1-39F609BCE52E} = {A6DF7212-1537-49B0-A883-7724E419139D}
		{28BFD583-B59B-41DB-BD60-41877C736B45} = {A6DF7212-1537-49B0-A883-7724E419139D}
		{9F1FBE3A-E11C-434C-8A0F-71AA7A96A4FF} = {A6DF7212-1537-49B0-A883-7724E419139D}
		{6BF7F3ED-D840-423D-A3F3-96BAC0984796} = {A6DF7212-1537-49B0-A883-7724E419139D}
		{55DBF136-5CB0-4DB3-8C60-427C06AFDC1A} = {A6DF7212-1537-49B0-A883-7724E419139D}
		{585B0C5C-206F-4843-A6B7-6DCBFE4A4AE7} = {A11B2F0D-A340-4FC5-A366-14E14EC89F48}
		{048BD0DE-5CB2-426D-9630-B0EDF4896F84} = {A11B2F0D-A340-4FC5-A366-14E14EC89F48}
		{A7CCA411-5DEE-4AA5-8F27-4A39738CDF0B} = {A11B2F0D-A340-4FC5-A366-14E14EC89F48}
		{877CE8B6-5D49-4A5B-BDD0-A9A1179A8DF5} = {A11B2F0D-A340-4FC5-A366-14E14EC89F48}
		{60CAC89F-A6AC-4C0D-9DCC-300BE97235DD} = {A11B2F0D-A340-4FC5-A366-14E14EC89F48}
	EndGlobalSection
EndGlobal
